// !$*UTF8*$!
{
	archiveVersion = 1;
	classes = {
	};
	objectVersion = 46;
	objects = {

/* Begin PBXBuildFile section */
		1F85A15541CC4513DFF2F821 /* Cocoa.framework in Frameworks */ = {isa = PBXBuildFile; fileRef = 8960A313EE90F987D60804CE /* Cocoa.framework */; };
		28E3E33929BB51BFD708CA34 /* ImportLogger.swift in Sources */ = {isa = PBXBuildFile; fileRef = 164B5B9D6E86D60BD45785B9 /* ImportLogger.swift */; };
		2A76D4F5AB13EB389F61233E /* ColumnSchema.swift in Sources */ = {isa = PBXBuildFile; fileRef = 1FC0B08D905425D8A92A4576 /* ColumnSchema.swift */; };
		2DDD19F43B1B066D0EFFD2B1 /* HeaderNormalizer.swift in Sources */ = {isa = PBXBuildFile; fileRef = B2E7E41AC6A5C30EF48C00EB /* HeaderNormalizer.swift */; };
		31BF0E1A18E5B216EC583FAB /* SubtitleImportView.swift in Sources */ = {isa = PBXBuildFile; fileRef = AA8EE5FE03F4BA07FBF7346F /* SubtitleImportView.swift */; };
		4303A48B8335FE68C87E5C10 /* SubtitleParser.swift in Sources */ = {isa = PBXBuildFile; fileRef = B6684EEAF7AD6F9EA6C7278E /* SubtitleParser.swift */; };
		4EB69A1E3E74B1223768F451 /* Assets.xcassets in Resources */ = {isa = PBXBuildFile; fileRef = D29F2798415FD0292EE266F7 /* Assets.xcassets */; };
		6071ED5EBCBA26E955E22A0B /* QuickCaptureEngine.swift in Sources */ = {isa = PBXBuildFile; fileRef = BFFA5C901265FD14403DC638 /* QuickCaptureEngine.swift */; };
		673FDE297AEDA4F5D31D17DF /* ImporterViewModel.swift in Sources */ = {isa = PBXBuildFile; fileRef = 781BF505C88BCB0690065C91 /* ImporterViewModel.swift */; };
		6814C681FD3C0596D0BE8102 /* ContentView.swift in Sources */ = {isa = PBXBuildFile; fileRef = E8E20912DD12C2A36AAA2125 /* ContentView.swift */; };
		6A5612EB78F5CFAC7019A433 /* ObsidianVocabImporterApp.swift in Sources */ = {isa = PBXBuildFile; fileRef = ABC8F1D7044EF133B6E769D3 /* ObsidianVocabImporterApp.swift */; };
		6EF74348F5475F591F2693B3 /* CSVParser.swift in Sources */ = {isa = PBXBuildFile; fileRef = FD2804F39222B929C3420D8A /* CSVParser.swift */; };
		70D3DA46E0667A18D51E906B /* ColumnMappingStore.swift in Sources */ = {isa = PBXBuildFile; fileRef = 04777916EDA93C09BDB7DF45 /* ColumnMappingStore.swift */; };
		7102791536D49D5B5664FBE4 /* MarkdownUpdater.swift in Sources */ = {isa = PBXBuildFile; fileRef = 11827640CB18643F54EC75AE /* MarkdownUpdater.swift */; };
		739C06C386A2534F62C04FCA /* ReviewModeView.swift in Sources */ = {isa = PBXBuildFile; fileRef = 72C10D0ECFB5CF9DEF74C75F /* ReviewModeView.swift */; };
		74392AE5A9173CB37F9F984E /* AtomicFileWriter.swift in Sources */ = {isa = PBXBuildFile; fileRef = DD329D1D23F6F80E7EE8C389 /* AtomicFileWriter.swift */; };
		83E82DC6411E3DA2F20F0565 /* SettingsView.swift in Sources */ = {isa = PBXBuildFile; fileRef = 98F5BA12166C3158C970B66D /* SettingsView.swift */; };
		86437ABF1F9999AAC6222EF7 /* MomoExportIndexStore.swift in Sources */ = {isa = PBXBuildFile; fileRef = 02356AACA8EEABCD68225DE2 /* MomoExportIndexStore.swift */; };
		942943B404038410BB4BE545 /* MomoWordExporter.swift in Sources */ = {isa = PBXBuildFile; fileRef = 91F331E10880C5D0BE91850C /* MomoWordExporter.swift */; };
		94DE6453AB337F6D067D0B0B /* ImportTabView.swift in Sources */ = {isa = PBXBuildFile; fileRef = 3E6F7155CC2597DD0221C39E /* ImportTabView.swift */; };
		BB8B6645AD5446CD929CAFC0 /* SystemDictionaryLookup.swift in Sources */ = {isa = PBXBuildFile; fileRef = A1112556963E4B7D931D397D /* SystemDictionaryLookup.swift */; };
		BAF0CF65B1FFD4A5BDAB514D /* VaultUtilities.swift in Sources */ = {isa = PBXBuildFile; fileRef = CB329980F15ED49314797265 /* VaultUtilities.swift */; };
		C8AC8270E2735EF31D0C5BDA /* QuickCaptureView.swift in Sources */ = {isa = PBXBuildFile; fileRef = F2E739CFC3362D03CFF10D6E /* QuickCaptureView.swift */; };
		CB29CD1EC82C3A1739B1C578 /* ImportedIndexStore.swift in Sources */ = {isa = PBXBuildFile; fileRef = 294A8A11D70D3D55194A5F49 /* ImportedIndexStore.swift */; };
		D8E3102726E422DF01B6CD6B /* ColumnMappingView.swift in Sources */ = {isa = PBXBuildFile; fileRef = F3AEB054B063957D473399B7 /* ColumnMappingView.swift */; };
		E260E2E87086B360AC396754 /* Models.swift in Sources */ = {isa = PBXBuildFile; fileRef = E849ADDBAAF9E325327A329E /* Models.swift */; };
		E4786C72BA713AE0A2A1B747 /* Preferences.swift in Sources */ = {isa = PBXBuildFile; fileRef = B27D18C5CF58FB8E71ACC44C /* Preferences.swift */; };
		E716204271961E88F06E69CF /* AppDelegate.swift in Sources */ = {isa = PBXBuildFile; fileRef = A837F688C9417501EE09746E /* AppDelegate.swift */; };
		F09B767A1989F149C66FD92C /* QuickCaptureWindowController.swift in Sources */ = {isa = PBXBuildFile; fileRef = 796B0A82FE8B4327D98F4AB1 /* QuickCaptureWindowController.swift */; };
/* End PBXBuildFile section */

/* Begin PBXFileReference section */
		02356AACA8EEABCD68225DE2 /* MomoExportIndexStore.swift */ = {isa = PBXFileReference; includeInIndex = 1; lastKnownFileType = sourcecode.swift; path = MomoExportIndexStore.swift; sourceTree = "<group>"; };
		04777916EDA93C09BDB7DF45 /* ColumnMappingStore.swift */ = {isa = PBXFileReference; includeInIndex = 1; lastKnownFileType = sourcecode.swift; path = ColumnMappingStore.swift; sourceTree = "<group>"; };
		11827640CB18643F54EC75AE /* MarkdownUpdater.swift */ = {isa = PBXFileReference; includeInIndex = 1; lastKnownFileType = sourcecode.swift; path = MarkdownUpdater.swift; sourceTree = "<group>"; };
		164B5B9D6E86D60BD45785B9 /* ImportLogger.swift */ = {isa = PBXFileReference; includeInIndex = 1; lastKnownFileType = sourcecode.swift; path = ImportLogger.swift; sourceTree = "<group>"; };
		1E2452AB7A1C365CFBEC13A2 /* ObsidianVocabImporter.app */ = {isa = PBXFileReference; explicitFileType = wrapper.application; includeInIndex = 0; path = ObsidianVocabImporter.app; sourceTree = BUILT_PRODUCTS_DIR; };
		1FC0B08D905425D8A92A4576 /* ColumnSchema.swift */ = {isa = PBXFileReference; includeInIndex = 1; lastKnownFileType = sourcecode.swift; path = ColumnSchema.swift; sourceTree = "<group>"; };
		294A8A11D70D3D55194A5F49 /* ImportedIndexStore.swift */ = {isa = PBXFileReference; includeInIndex = 1; lastKnownFileType = sourcecode.swift; path = ImportedIndexStore.swift; sourceTree = "<group>"; };
		3E6F7155CC2597DD0221C39E /* ImportTabView.swift */ = {isa = PBXFileReference; includeInIndex = 1; lastKnownFileType = sourcecode.swift; path = ImportTabView.swift; sourceTree = "<group>"; };
		72C10D0ECFB5CF9DEF74C75F /* ReviewModeView.swift */ = {isa = PBXFileReference; includeInIndex = 1; lastKnownFileType = sourcecode.swift; path = ReviewModeView.swift; sourceTree = "<group>"; };
		781BF505C88BCB0690065C91 /* ImporterViewModel.swift */ = {isa = PBXFileReference; includeInIndex = 1; lastKnownFileType = sourcecode.swift; path = ImporterViewModel.swift; sourceTree = "<group>"; };
		796B0A82FE8B4327D98F4AB1 /* QuickCaptureWindowController.swift */ = {isa = PBXFileReference; includeInIndex = 1; lastKnownFileType = sourcecode.swift; path = QuickCaptureWindowController.swift; sourceTree = "<group>"; };
		8960A313EE90F987D60804CE /* Cocoa.framework */ = {isa = PBXFileReference; lastKnownFileType = wrapper.framework; name = Cocoa.framework; path = Platforms/MacOSX.platform/Developer/SDKs/MacOSX15.0.sdk/System/Library/Frameworks/Cocoa.framework; sourceTree = DEVELOPER_DIR; };
		91F331E10880C5D0BE91850C /* MomoWordExporter.swift */ = {isa = PBXFileReference; includeInIndex = 1; lastKnownFileType = sourcecode.swift; path = MomoWordExporter.swift; sourceTree = "<group>"; };
		98F5BA12166C3158C970B66D /* SettingsView.swift */ = {isa = PBXFileReference; includeInIndex = 1; lastKnownFileType = sourcecode.swift; path = SettingsView.swift; sourceTree = "<group>"; };
		A1112556963E4B7D931D397D /* SystemDictionaryLookup.swift */ = {isa = PBXFileReference; includeInIndex = 1; lastKnownFileType = sourcecode.swift; path = SystemDictionaryLookup.swift; sourceTree = "<group>"; };
		A837F688C9417501EE09746E /* AppDelegate.swift */ = {isa = PBXFileReference; includeInIndex = 1; lastKnownFileType = sourcecode.swift; path = AppDelegate.swift; sourceTree = "<group>"; };
		AA8EE5FE03F4BA07FBF7346F /* SubtitleImportView.swift */ = {isa = PBXFileReference; includeInIndex = 1; lastKnownFileType = sourcecode.swift; path = SubtitleImportView.swift; sourceTree = "<group>"; };
		ABC8F1D7044EF133B6E769D3 /* ObsidianVocabImporterApp.swift */ = {isa = PBXFileReference; includeInIndex = 1; lastKnownFileType = sourcecode.swift; path = ObsidianVocabImporterApp.swift; sourceTree = "<group>"; };
		B27D18C5CF58FB8E71ACC44C /* Preferences.swift */ = {isa = PBXFileReference; includeInIndex = 1; lastKnownFileType = sourcecode.swift; path = Preferences.swift; sourceTree = "<group>"; };
		B2E7E41AC6A5C30EF48C00EB /* HeaderNormalizer.swift */ = {isa = PBXFileReference; includeInIndex = 1; lastKnownFileType = sourcecode.swift; path = HeaderNormalizer.swift; sourceTree = "<group>"; };
		B6684EEAF7AD6F9EA6C7278E /* SubtitleParser.swift */ = {isa = PBXFileReference; includeInIndex = 1; lastKnownFileType = sourcecode.swift; path = SubtitleParser.swift; sourceTree = "<group>"; };
		BFFA5C901265FD14403DC638 /* QuickCaptureEngine.swift */ = {isa = PBXFileReference; includeInIndex = 1; lastKnownFileType = sourcecode.swift; path = QuickCaptureEngine.swift; sourceTree = "<group>"; };
		CB329980F15ED49314797265 /* VaultUtilities.swift */ = {isa = PBXFileReference; includeInIndex = 1; lastKnownFileType = sourcecode.swift; path = VaultUtilities.swift; sourceTree = "<group>"; };
		D29F2798415FD0292EE266F7 /* Assets.xcassets */ = {isa = PBXFileReference; includeInIndex = 1; lastKnownFileType = folder.assetcatalog; path = Assets.xcassets; sourceTree = "<group>"; };
		DD329D1D23F6F80E7EE8C389 /* AtomicFileWriter.swift */ = {isa = PBXFileReference; includeInIndex = 1; lastKnownFileType = sourcecode.swift; path = AtomicFileWriter.swift; sourceTree = "<group>"; };
		E849ADDBAAF9E325327A329E /* Models.swift */ = {isa = PBXFileReference; includeInIndex = 1; lastKnownFileType = sourcecode.swift; path = Models.swift; sourceTree = "<group>"; };
		E8E20912DD12C2A36AAA2125 /* ContentView.swift */ = {isa = PBXFileReference; includeInIndex = 1; lastKnownFileType = sourcecode.swift; path = ContentView.swift; sourceTree = "<group>"; };
		F2E739CFC3362D03CFF10D6E /* QuickCaptureView.swift */ = {isa = PBXFileReference; includeInIndex = 1; lastKnownFileType = sourcecode.swift; path = QuickCaptureView.swift; sourceTree = "<group>"; };
		F3AEB054B063957D473399B7 /* ColumnMappingView.swift */ = {isa = PBXFileReference; includeInIndex = 1; lastKnownFileType = sourcecode.swift; path = ColumnMappingView.swift; sourceTree = "<group>"; };
		FD2804F39222B929C3420D8A /* CSVParser.swift */ = {isa = PBXFileReference; includeInIndex = 1; lastKnownFileType = sourcecode.swift; path = CSVParser.swift; sourceTree = "<group>"; };
/* End PBXFileReference section */

/* Begin PBXFrameworksBuildPhase section */
		57FE00D0949CAE1093EBCD7E /* Frameworks */ = {
			isa = PBXFrameworksBuildPhase;
			buildActionMask = 2147483647;
			files = (
				1F85A15541CC4513DFF2F821 /* Cocoa.framework in Frameworks */,
			);
			runOnlyForDeploymentPostprocessing = 0;
		};
/* End PBXFrameworksBuildPhase section */

/* Begin PBXGroup section */
		5040B9FAB8FF7A41561CE7F1 /* ObsidianVocabImporter */ = {
			isa = PBXGroup;
			children = (
				A837F688C9417501EE09746E /* AppDelegate.swift */,
				DD329D1D23F6F80E7EE8C389 /* AtomicFileWriter.swift */,
				FD2804F39222B929C3420D8A /* CSVParser.swift */,
				04777916EDA93C09BDB7DF45 /* ColumnMappingStore.swift */,
				F3AEB054B063957D473399B7 /* ColumnMappingView.swift */,
				1FC0B08D905425D8A92A4576 /* ColumnSchema.swift */,
				E8E20912DD12C2A36AAA2125 /* ContentView.swift */,
				B2E7E41AC6A5C30EF48C00EB /* HeaderNormalizer.swift */,
				164B5B9D6E86D60BD45785B9 /* ImportLogger.swift */,
				3E6F7155CC2597DD0221C39E /* ImportTabView.swift */,
				294A8A11D70D3D55194A5F49 /* ImportedIndexStore.swift */,
				781BF505C88BCB0690065C91 /* ImporterViewModel.swift */,
				11827640CB18643F54EC75AE /* MarkdownUpdater.swift */,
				E849ADDBAAF9E325327A329E /* Models.swift */,
				02356AACA8EEABCD68225DE2 /* MomoExportIndexStore.swift */,
				91F331E10880C5D0BE91850C /* MomoWordExporter.swift */,
				ABC8F1D7044EF133B6E769D3 /* ObsidianVocabImporterApp.swift */,
				B27D18C5CF58FB8E71ACC44C /* Preferences.swift */,
				BFFA5C901265FD14403DC638 /* QuickCaptureEngine.swift */,
				F2E739CFC3362D03CFF10D6E /* QuickCaptureView.swift */,
				796B0A82FE8B4327D98F4AB1 /* QuickCaptureWindowController.swift */,
				72C10D0ECFB5CF9DEF74C75F /* ReviewModeView.swift */,
				98F5BA12166C3158C970B66D /* SettingsView.swift */,
				AA8EE5FE03F4BA07FBF7346F /* SubtitleImportView.swift */,
				B6684EEAF7AD6F9EA6C7278E /* SubtitleParser.swift */,
				A1112556963E4B7D931D397D /* SystemDictionaryLookup.swift */,
				CB329980F15ED49314797265 /* VaultUtilities.swift */,
				D29F2798415FD0292EE266F7 /* Assets.xcassets */,
			);
			name = ObsidianVocabImporter;
			path = ObsidianVocabImporter;
			sourceTree = "<group>";
		};
		99E8D5E67C73F33BE6912CC8 /* OS X */ = {
			isa = PBXGroup;
			children = (
				8960A313EE90F987D60804CE /* Cocoa.framework */,
			);
			name = "OS X";
			sourceTree = "<group>";
		};
		CFC7176F5892BF8F7A4BDCC1 = {
			isa = PBXGroup;
			children = (
				F641E0650CD926DAB1B8910D /* Products */,
				EFBBCD4D2C50E406D57C80D3 /* Frameworks */,
				5040B9FAB8FF7A41561CE7F1 /* ObsidianVocabImporter */,
			);
			sourceTree = "<group>";
		};
		EFBBCD4D2C50E406D57C80D3 /* Frameworks */ = {
			isa = PBXGroup;
			children = (
				99E8D5E67C73F33BE6912CC8 /* OS X */,
			);
			name = Frameworks;
			sourceTree = "<group>";
		};
		F641E0650CD926DAB1B8910D /* Products */ = {
			isa = PBXGroup;
			children = (
				1E2452AB7A1C365CFBEC13A2 /* ObsidianVocabImporter.app */,
			);
			name = Products;
			sourceTree = "<group>";
		};
/* End PBXGroup section */

/* Begin PBXNativeTarget section */
		F5B42474E1AE252830FC2AA4 /* ObsidianVocabImporter */ = {
			isa = PBXNativeTarget;
			buildConfigurationList = 6A32C4DF2616E7DF6A54308D /* Build configuration list for PBXNativeTarget "ObsidianVocabImporter" */;
			buildPhases = (
				F00B35A6BF931ED1417E1A33 /* Sources */,
				57FE00D0949CAE1093EBCD7E /* Frameworks */,
				CDD0B8AFAFA471BCA5350EEB /* Resources */,
			);
			buildRules = (
			);
			dependencies = (
			);
			name = ObsidianVocabImporter;
			productName = ObsidianVocabImporter;
			productReference = 1E2452AB7A1C365CFBEC13A2 /* ObsidianVocabImporter.app */;
			productType = "com.apple.product-type.application";
		};
/* End PBXNativeTarget section */

/* Begin PBXProject section */
		8B0E591C9B284F28BD1E635C /* Project object */ = {
			isa = PBXProject;
			attributes = {
				LastSwiftUpdateCheck = 1600;
				LastUpgradeCheck = 1600;
			};
			buildConfigurationList = 3A3C19CF4F11BB2174A5D2CF /* Build configuration list for PBXProject "ObsidianVocabImporter" */;
			compatibilityVersion = "Xcode 3.2";
			developmentRegion = en;
			hasScannedForEncodings = 0;
			knownRegions = (
				en,
				Base,
			);
			mainGroup = CFC7176F5892BF8F7A4BDCC1;
			minimizedProjectReferenceProxies = 0;
			preferredProjectObjectVersion = 77;
			productRefGroup = F641E0650CD926DAB1B8910D /* Products */;
			projectDirPath = "";
			projectRoot = "";
			targets = (
				F5B42474E1AE252830FC2AA4 /* ObsidianVocabImporter */,
			);
		};
/* End PBXProject section */

/* Begin PBXResourcesBuildPhase section */
		CDD0B8AFAFA471BCA5350EEB /* Resources */ = {
			isa = PBXResourcesBuildPhase;
			buildActionMask = 2147483647;
			files = (
				4EB69A1E3E74B1223768F451 /* Assets.xcassets in Resources */,
			);
			runOnlyForDeploymentPostprocessing = 0;
		};
/* End PBXResourcesBuildPhase section */

/* Begin PBXSourcesBuildPhase section */
		F00B35A6BF931ED1417E1A33 /* Sources */ = {
			isa = PBXSourcesBuildPhase;
			buildActionMask = 2147483647;
			files = (
				E716204271961E88F06E69CF /* AppDelegate.swift in Sources */,
				74392AE5A9173CB37F9F984E /* AtomicFileWriter.swift in Sources */,
				6EF74348F5475F591F2693B3 /* CSVParser.swift in Sources */,
				70D3DA46E0667A18D51E906B /* ColumnMappingStore.swift in Sources */,
				D8E3102726E422DF01B6CD6B /* ColumnMappingView.swift in Sources */,
				2A76D4F5AB13EB389F61233E /* ColumnSchema.swift in Sources */,
				6814C681FD3C0596D0BE8102 /* ContentView.swift in Sources */,
				2DDD19F43B1B066D0EFFD2B1 /* HeaderNormalizer.swift in Sources */,
				28E3E33929BB51BFD708CA34 /* ImportLogger.swift in Sources */,
				94DE6453AB337F6D067D0B0B /* ImportTabView.swift in Sources */,
				CB29CD1EC82C3A1739B1C578 /* ImportedIndexStore.swift in Sources */,
				673FDE297AEDA4F5D31D17DF /* ImporterViewModel.swift in Sources */,
				7102791536D49D5B5664FBE4 /* MarkdownUpdater.swift in Sources */,
				E260E2E87086B360AC396754 /* Models.swift in Sources */,
				86437ABF1F9999AAC6222EF7 /* MomoExportIndexStore.swift in Sources */,
				942943B404038410BB4BE545 /* MomoWordExporter.swift in Sources */,
				6A5612EB78F5CFAC7019A433 /* ObsidianVocabImporterApp.swift in Sources */,
				E4786C72BA713AE0A2A1B747 /* Preferences.swift in Sources */,
				6071ED5EBCBA26E955E22A0B /* QuickCaptureEngine.swift in Sources */,
				C8AC8270E2735EF31D0C5BDA /* QuickCaptureView.swift in Sources */,
				F09B767A1989F149C66FD92C /* QuickCaptureWindowController.swift in Sources */,
				739C06C386A2534F62C04FCA /* ReviewModeView.swift in Sources */,
				83E82DC6411E3DA2F20F0565 /* SettingsView.swift in Sources */,
				31BF0E1A18E5B216EC583FAB /* SubtitleImportView.swift in Sources */,
				4303A48B8335FE68C87E5C10 /* SubtitleParser.swift in Sources */,
				BB8B6645AD5446CD929CAFC0 /* SystemDictionaryLookup.swift in Sources */,
				BAF0CF65B1FFD4A5BDAB514D /* VaultUtilities.swift in Sources */,
			);
			runOnlyForDeploymentPostprocessing = 0;
		};
/* End PBXSourcesBuildPhase section */

/* Begin XCBuildConfiguration section */
		078BEFC4F08524E03AE4BE10 /* Debug */ = {
			isa = XCBuildConfiguration;
			buildSettings = {
				ASSETCATALOG_COMPILER_APPICON_NAME = AppIcon;
				ASSETCATALOG_COMPILER_GLOBAL_ACCENT_COLOR_NAME = AccentColor;
				CODE_SIGN_STYLE = Automatic;
				COMBINE_HIDPI_IMAGES = YES;
				CURRENT_PROJECT_VERSION = 2;
				DEVELOPMENT_TEAM = "";
				INFOPLIST_FILE = ObsidianVocabImporter/Info.plist;
				LD_RUNPATH_SEARCH_PATHS = "$(inherited) @executable_path/../Frameworks";
				MACOSX_DEPLOYMENT_TARGET = 13.0;
				MARKETING_VERSION = 1.1.0;
				PRODUCT_BUNDLE_IDENTIFIER = "com.wenjiegu.obsidian-vocab-importer";
				PRODUCT_NAME = "Obsidian Vocab Importer";
				SDKROOT = macosx;
				SWIFT_VERSION = 5.9;
			};
			name = Debug;
		};
		1BE85C1ABE78CB9E4F11D8FB /* Release */ = {
			isa = XCBuildConfiguration;
			buildSettings = {
				ALWAYS_SEARCH_USER_PATHS = NO;
				CLANG_ANALYZER_NONNULL = YES;
				CLANG_ANALYZER_NUMBER_OBJECT_CONVERSION = YES_AGGRESSIVE;
				CLANG_CXX_LANGUAGE_STANDARD = "gnu++14";
				CLANG_CXX_LIBRARY = "libc++";
				CLANG_ENABLE_MODULES = YES;
				CLANG_ENABLE_OBJC_ARC = YES;
				CLANG_ENABLE_OBJC_WEAK = YES;
				CLANG_WARN_BLOCK_CAPTURE_AUTORELEASING = YES;
				CLANG_WARN_BOOL_CONVERSION = YES;
				CLANG_WARN_COMMA = YES;
				CLANG_WARN_CONSTANT_CONVERSION = YES;
				CLANG_WARN_DEPRECATED_OBJC_IMPLEMENTATIONS = YES;
				CLANG_WARN_DIRECT_OBJC_ISA_USAGE = YES_ERROR;
				CLANG_WARN_DOCUMENTATION_COMMENTS = YES;
				CLANG_WARN_EMPTY_BODY = YES;
				CLANG_WARN_ENUM_CONVERSION = YES;
				CLANG_WARN_INFINITE_RECURSION = YES;
				CLANG_WARN_INT_CONVERSION = YES;
				CLANG_WARN_NON_LITERAL_NULL_CONVERSION = YES;
				CLANG_WARN_OBJC_IMPLICIT_RETAIN_SELF = YES;
				CLANG_WARN_OBJC_LITERAL_CONVERSION = YES;
				CLANG_WARN_OBJC_ROOT_CLASS = YES_ERROR;
				CLANG_WARN_QUOTED_INCLUDE_IN_FRAMEWORK_HEADER = YES;
				CLANG_WARN_RANGE_LOOP_ANALYSIS = YES;
				CLANG_WARN_STRICT_PROTOTYPES = YES;
				CLANG_WARN_SUSPICIOUS_MOVE = YES;
				CLANG_WARN_UNGUARDED_AVAILABILITY = YES_AGGRESSIVE;
				CLANG_WARN_UNREACHABLE_CODE = YES;
				CLANG_WARN__DUPLICATE_METHOD_MATCH = YES;
				COPY_PHASE_STRIP = NO;
				DEBUG_INFORMATION_FORMAT = "dwarf-with-dsym";
				ENABLE_NS_ASSERTIONS = NO;
				ENABLE_STRICT_OBJC_MSGSEND = YES;
				GCC_C_LANGUAGE_STANDARD = gnu11;
				GCC_NO_COMMON_BLOCKS = YES;
				GCC_WARN_64_TO_32_BIT_CONVERSION = YES;
				GCC_WARN_ABOUT_RETURN_TYPE = YES_ERROR;
				GCC_WARN_UNDECLARED_SELECTOR = YES;
				GCC_WARN_UNINITIALIZED_AUTOS = YES_AGGRESSIVE;
				GCC_WARN_UNUSED_FUNCTION = YES;
				GCC_WARN_UNUSED_VARIABLE = YES;
				MACOSX_DEPLOYMENT_TARGET = 13.0;
				MTL_ENABLE_DEBUG_INFO = NO;
				MTL_FAST_MATH = YES;
				PRODUCT_NAME = "$(TARGET_NAME)";
				SWIFT_COMPILATION_MODE = wholemodule;
				SWIFT_OPTIMIZATION_LEVEL = "-O";
				SWIFT_VERSION = 5.9;
			};
			name = Release;
		};
		3FCEF4F0ED12E8B3DD928384 /* Debug */ = {
			isa = XCBuildConfiguration;
			buildSettings = {
				ALWAYS_SEARCH_USER_PATHS = NO;
				CLANG_ANALYZER_NONNULL = YES;
				CLANG_ANALYZER_NUMBER_OBJECT_CONVERSION = YES_AGGRESSIVE;
				CLANG_CXX_LANGUAGE_STANDARD = "gnu++14";
				CLANG_CXX_LIBRARY = "libc++";
				CLANG_ENABLE_MODULES = YES;
				CLANG_ENABLE_OBJC_ARC = YES;
				CLANG_ENABLE_OBJC_WEAK = YES;
				CLANG_WARN_BLOCK_CAPTURE_AUTORELEASING = YES;
				CLANG_WARN_BOOL_CONVERSION = YES;
				CLANG_WARN_COMMA = YES;
				CLANG_WARN_CONSTANT_CONVERSION = YES;
				CLANG_WARN_DEPRECATED_OBJC_IMPLEMENTATIONS = YES;
				CLANG_WARN_DIRECT_OBJC_ISA_USAGE = YES_ERROR;
				CLANG_WARN_DOCUMENTATION_COMMENTS = YES;
				CLANG_WARN_EMPTY_BODY = YES;
				CLANG_WARN_ENUM_CONVERSION = YES;
				CLANG_WARN_INFINITE_RECURSION = YES;
				CLANG_WARN_INT_CONVERSION = YES;
				CLANG_WARN_NON_LITERAL_NULL_CONVERSION = YES;
				CLANG_WARN_OBJC_IMPLICIT_RETAIN_SELF = YES;
				CLANG_WARN_OBJC_LITERAL_CONVERSION = YES;
				CLANG_WARN_OBJC_ROOT_CLASS = YES_ERROR;
				CLANG_WARN_QUOTED_INCLUDE_IN_FRAMEWORK_HEADER = YES;
				CLANG_WARN_RANGE_LOOP_ANALYSIS = YES;
				CLANG_WARN_STRICT_PROTOTYPES = YES;
				CLANG_WARN_SUSPICIOUS_MOVE = YES;
				CLANG_WARN_UNGUARDED_AVAILABILITY = YES_AGGRESSIVE;
				CLANG_WARN_UNREACHABLE_CODE = YES;
				CLANG_WARN__DUPLICATE_METHOD_MATCH = YES;
				COPY_PHASE_STRIP = NO;
				DEBUG_INFORMATION_FORMAT = dwarf;
				ENABLE_STRICT_OBJC_MSGSEND = YES;
				ENABLE_TESTABILITY = YES;
				GCC_C_LANGUAGE_STANDARD = gnu11;
				GCC_DYNAMIC_NO_PIC = NO;
				GCC_NO_COMMON_BLOCKS = YES;
				GCC_OPTIMIZATION_LEVEL = 0;
				GCC_PREPROCESSOR_DEFINITIONS = (
					"DEBUG=1",
					"$(inherited)",
				);
				GCC_WARN_64_TO_32_BIT_CONVERSION = YES;
				GCC_WARN_ABOUT_RETURN_TYPE = YES_ERROR;
				GCC_WARN_UNDECLARED_SELECTOR = YES;
				GCC_WARN_UNINITIALIZED_AUTOS = YES_AGGRESSIVE;
				GCC_WARN_UNUSED_FUNCTION = YES;
				GCC_WARN_UNUSED_VARIABLE = YES;
				MACOSX_DEPLOYMENT_TARGET = 13.0;
				MTL_ENABLE_DEBUG_INFO = INCLUDE_SOURCE;
				MTL_FAST_MATH = YES;
				ONLY_ACTIVE_ARCH = YES;
				PRODUCT_NAME = "$(TARGET_NAME)";
				SWIFT_ACTIVE_COMPILATION_CONDITIONS = DEBUG;
				SWIFT_OPTIMIZATION_LEVEL = "-Onone";
				SWIFT_VERSION = 5.9;
			};
			name = Debug;
		};
		F7E4DB1E11AD1E87276316C3 /* Release */ = {
			isa = XCBuildConfiguration;
			buildSettings = {
				ASSETCATALOG_COMPILER_APPICON_NAME = AppIcon;
				ASSETCATALOG_COMPILER_GLOBAL_ACCENT_COLOR_NAME = AccentColor;
				CODE_SIGN_STYLE = Automatic;
				COMBINE_HIDPI_IMAGES = YES;
				CURRENT_PROJECT_VERSION = 2;
				DEVELOPMENT_TEAM = "";
				INFOPLIST_FILE = ObsidianVocabImporter/Info.plist;
				LD_RUNPATH_SEARCH_PATHS = "$(inherited) @executable_path/../Frameworks";
				MACOSX_DEPLOYMENT_TARGET = 13.0;
				MARKETING_VERSION = 1.1.0;
				PRODUCT_BUNDLE_IDENTIFIER = "com.wenjiegu.obsidian-vocab-importer";
				PRODUCT_NAME = "Obsidian Vocab Importer";
				SDKROOT = macosx;
				SWIFT_VERSION = 5.9;
			};
			name = Release;
		};
/* End XCBuildConfiguration section */

/* Begin XCConfigurationList section */
		3A3C19CF4F11BB2174A5D2CF /* Build configuration list for PBXProject "ObsidianVocabImporter" */ = {
			isa = XCConfigurationList;
			buildConfigurations = (
				3FCEF4F0ED12E8B3DD928384 /* Debug */,
				1BE85C1ABE78CB9E4F11D8FB /* Release */,
			);
			defaultConfigurationIsVisible = 0;
			defaultConfigurationName = Release;
		};
		6A32C4DF2616E7DF6A54308D /* Build configuration list for PBXNativeTarget "ObsidianVocabImporter" */ = {
			isa = XCConfigurationList;
			buildConfigurations = (
				F7E4DB1E11AD1E87276316C3 /* Release */,
				078BEFC4F08524E03AE4BE10 /* Debug */,
			);
			defaultConfigurationIsVisible = 0;
			defaultConfigurationName = Release;
		};
/* End XCConfigurationList section */
	};
	rootObject = 8B0E591C9B284F28BD1E635C /* Project object */;
}
